// !$*UTF8*$!
{
	archiveVersion = 1;
	classes = {
	};
	objectVersion = 50;
	objects = {

/* Begin PBXBuildFile section */
		7626264E2D41EF3300685B21 /* AppDelegate.swift in Sources */ = {isa = PBXBuildFile; fileRef = 7626264D2D41EF3300685B21 /* AppDelegate.swift */; };
		762626502D41EF3300685B21 /* SceneDelegate.swift in Sources */ = {isa = PBXBuildFile; fileRef = 7626264F2D41EF3300685B21 /* SceneDelegate.swift */; };
		762626522D41EF3300685B21 /* ViewController.swift in Sources */ = {isa = PBXBuildFile; fileRef = 762626512D41EF3300685B21 /* ViewController.swift */; };
		762626552D41EF3300685B21 /* Main.storyboard in Resources */ = {isa = PBXBuildFile; fileRef = 762626532D41EF3300685B21 /* Main.storyboard */; };
		762626582D41EF3300685B21 /* exampleGitPro.xcdatamodeld in Sources */ = {isa = PBXBuildFile; fileRef = 762626562D41EF3300685B21 /* exampleGitPro.xcdatamodeld */; };
		7626265A2D41EF3700685B21 /* Assets.xcassets in Resources */ = {isa = PBXBuildFile; fileRef = 762626592D41EF3700685B21 /* Assets.xcassets */; };
		7626265D2D41EF3700685B21 /* LaunchScreen.storyboard in Resources */ = {isa = PBXBuildFile; fileRef = 7626265B2D41EF3700685B21 /* LaunchScreen.storyboard */; };
		762626682D41EF3800685B21 /* exampleGitProTests.swift in Sources */ = {isa = PBXBuildFile; fileRef = 762626672D41EF3800685B21 /* exampleGitProTests.swift */; };
		762626732D41EF3800685B21 /* exampleGitProUITests.swift in Sources */ = {isa = PBXBuildFile; fileRef = 762626722D41EF3800685B21 /* exampleGitProUITests.swift */; };
/* End PBXBuildFile section */

/* Begin PBXContainerItemProxy section */
		762626642D41EF3800685B21 /* PBXContainerItemProxy */ = {
			isa = PBXContainerItemProxy;
			containerPortal = 762626422D41EF3300685B21 /* Project object */;
			proxyType = 1;
			remoteGlobalIDString = 762626492D41EF3300685B21;
			remoteInfo = exampleGitPro;
		};
		7626266F2D41EF3800685B21 /* PBXContainerItemProxy */ = {
			isa = PBXContainerItemProxy;
			containerPortal = 762626422D41EF3300685B21 /* Project object */;
			proxyType = 1;
			remoteGlobalIDString = 762626492D41EF3300685B21;
			remoteInfo = exampleGitPro;
		};
/* End PBXContainerItemProxy section */

/* Begin PBXFileReference section */
		7626264A2D41EF3300685B21 /* exampleGitPro.app */ = {isa = PBXFileReference; explicitFileType = wrapper.application; includeInIndex = 0; path = exampleGitPro.app; sourceTree = BUILT_PRODUCTS_DIR; };
		7626264D2D41EF3300685B21 /* AppDelegate.swift */ = {isa = PBXFileReference; lastKnownFileType = sourcecode.swift; path = AppDelegate.swift; sourceTree = "<group>"; };
		7626264F2D41EF3300685B21 /* SceneDelegate.swift */ = {isa = PBXFileReference; lastKnownFileType = sourcecode.swift; path = SceneDelegate.swift; sourceTree = "<group>"; };
		762626512D41EF3300685B21 /* ViewController.swift */ = {isa = PBXFileReference; lastKnownFileType = sourcecode.swift; path = ViewController.swift; sourceTree = "<group>"; };
		762626542D41EF3300685B21 /* Base */ = {isa = PBXFileReference; lastKnownFileType = file.storyboard; name = Base; path = Base.lproj/Main.storyboard; sourceTree = "<group>"; };
		762626572D41EF3300685B21 /* exampleGitPro.xcdatamodel */ = {isa = PBXFileReference; lastKnownFileType = wrapper.xcdatamodel; path = exampleGitPro.xcdatamodel; sourceTree = "<group>"; };
		762626592D41EF3700685B21 /* Assets.xcassets */ = {isa = PBXFileReference; lastKnownFileType = folder.assetcatalog; path = Assets.xcassets; sourceTree = "<group>"; };
		7626265C2D41EF3700685B21 /* Base */ = {isa = PBXFileReference; lastKnownFileType = file.storyboard; name = Base; path = Base.lproj/LaunchScreen.storyboard; sourceTree = "<group>"; };
		7626265E2D41EF3700685B21 /* Info.plist */ = {isa = PBXFileReference; lastKnownFileType = text.plist.xml; path = Info.plist; sourceTree = "<group>"; };
		762626632D41EF3800685B21 /* exampleGitProTests.xctest */ = {isa = PBXFileReference; explicitFileType = wrapper.cfbundle; includeInIndex = 0; path = exampleGitProTests.xctest; sourceTree = BUILT_PRODUCTS_DIR; };
		762626672D41EF3800685B21 /* exampleGitProTests.swift */ = {isa = PBXFileReference; lastKnownFileType = sourcecode.swift; path = exampleGitProTests.swift; sourceTree = "<group>"; };
		762626692D41EF3800685B21 /* Info.plist */ = {isa = PBXFileReference; lastKnownFileType = text.plist.xml; path = Info.plist; sourceTree = "<group>"; };
		7626266E2D41EF3800685B21 /* exampleGitProUITests.xctest */ = {isa = PBXFileReference; explicitFileType = wrapper.cfbundle; includeInIndex = 0; path = exampleGitProUITests.xctest; sourceTree = BUILT_PRODUCTS_DIR; };
		762626722D41EF3800685B21 /* exampleGitProUITests.swift */ = {isa = PBXFileReference; lastKnownFileType = sourcecode.swift; path = exampleGitProUITests.swift; sourceTree = "<group>"; };
		762626742D41EF3800685B21 /* Info.plist */ = {isa = PBXFileReference; lastKnownFileType = text.plist.xml; path = Info.plist; sourceTree = "<group>"; };
/* End PBXFileReference section */

/* Begin PBXFrameworksBuildPhase section */
		762626472D41EF3300685B21 /* Frameworks */ = {
			isa = PBXFrameworksBuildPhase;
			buildActionMask = 2147483647;
			files = (
			);
			runOnlyForDeploymentPostprocessing = 0;
		};
		762626602D41EF3800685B21 /* Frameworks */ = {
			isa = PBXFrameworksBuildPhase;
			buildActionMask = 2147483647;
			files = (
			);
			runOnlyForDeploymentPostprocessing = 0;
		};
		7626266B2D41EF3800685B21 /* Frameworks */ = {
			isa = PBXFrameworksBuildPhase;
			buildActionMask = 2147483647;
			files = (
			);
			runOnlyForDeploymentPostprocessing = 0;
		};
/* End PBXFrameworksBuildPhase section */

/* Begin PBXGroup section */
		762626412D41EF3300685B21 = {
			isa = PBXGroup;
			children = (
				7626264C2D41EF3300685B21 /* exampleGitPro */,
				762626662D41EF3800685B21 /* exampleGitProTests */,
				762626712D41EF3800685B21 /* exampleGitProUITests */,
				7626264B2D41EF3300685B21 /* Products */,
			);
			sourceTree = "<group>";
		};
		7626264B2D41EF3300685B21 /* Products */ = {
			isa = PBXGroup;
			children = (
				7626264A2D41EF3300685B21 /* exampleGitPro.app */,
				762626632D41EF3800685B21 /* exampleGitProTests.xctest */,
				7626266E2D41EF3800685B21 /* exampleGitProUITests.xctest */,
			);
			name = Products;
			sourceTree = "<group>";
		};
		7626264C2D41EF3300685B21 /* exampleGitPro */ = {
			isa = PBXGroup;
			children = (
				7626264D2D41EF3300685B21 /* AppDelegate.swift */,
				7626264F2D41EF3300685B21 /* SceneDelegate.swift */,
				762626512D41EF3300685B21 /* ViewController.swift */,
				762626532D41EF3300685B21 /* Main.storyboard */,
				762626592D41EF3700685B21 /* Assets.xcassets */,
				7626265B2D41EF3700685B21 /* LaunchScreen.storyboard */,
				7626265E2D41EF3700685B21 /* Info.plist */,
				762626562D41EF3300685B21 /* exampleGitPro.xcdatamodeld */,
			);
			path = exampleGitPro;
			sourceTree = "<group>";
		};
		762626662D41EF3800685B21 /* exampleGitProTests */ = {
			isa = PBXGroup;
			children = (
				762626672D41EF3800685B21 /* exampleGitProTests.swift */,
				762626692D41EF3800685B21 /* Info.plist */,
			);
			path = exampleGitProTests;
			sourceTree = "<group>";
		};
		762626712D41EF3800685B21 /* exampleGitProUITests */ = {
			isa = PBXGroup;
			children = (
				762626722D41EF3800685B21 /* exampleGitProUITests.swift */,
				762626742D41EF3800685B21 /* Info.plist */,
			);
			path = exampleGitProUITests;
			sourceTree = "<group>";
		};
/* End PBXGroup section */

/* Begin PBXNativeTarget section */
		762626492D41EF3300685B21 /* exampleGitPro */ = {
			isa = PBXNativeTarget;
			buildConfigurationList = 762626772D41EF3800685B21 /* Build configuration list for PBXNativeTarget "exampleGitPro" */;
			buildPhases = (
				762626462D41EF3300685B21 /* Sources */,
				762626472D41EF3300685B21 /* Frameworks */,
				762626482D41EF3300685B21 /* Resources */,
			);
			buildRules = (
			);
			dependencies = (
			);
			name = exampleGitPro;
			productName = exampleGitPro;
			productReference = 7626264A2D41EF3300685B21 /* exampleGitPro.app */;
			productType = "com.apple.product-type.application";
		};
		762626622D41EF3800685B21 /* exampleGitProTests */ = {
			isa = PBXNativeTarget;
			buildConfigurationList = 7626267A2D41EF3800685B21 /* Build configuration list for PBXNativeTarget "exampleGitProTests" */;
			buildPhases = (
				7626265F2D41EF3800685B21 /* Sources */,
				762626602D41EF3800685B21 /* Frameworks */,
				762626612D41EF3800685B21 /* Resources */,
			);
			buildRules = (
			);
			dependencies = (
				762626652D41EF3800685B21 /* PBXTargetDependency */,
			);
			name = exampleGitProTests;
			productName = exampleGitProTests;
			productReference = 762626632D41EF3800685B21 /* exampleGitProTests.xctest */;
			productType = "com.apple.product-type.bundle.unit-test";
		};
		7626266D2D41EF3800685B21 /* exampleGitProUITests */ = {
			isa = PBXNativeTarget;
			buildConfigurationList = 7626267D2D41EF3800685B21 /* Build configuration list for PBXNativeTarget "exampleGitProUITests" */;
			buildPhases = (
				7626266A2D41EF3800685B21 /* Sources */,
				7626266B2D41EF3800685B21 /* Frameworks */,
				7626266C2D41EF3800685B21 /* Resources */,
			);
			buildRules = (
			);
			dependencies = (
				762626702D41EF3800685B21 /* PBXTargetDependency */,
			);
			name = exampleGitProUITests;
			productName = exampleGitProUITests;
			productReference = 7626266E2D41EF3800685B21 /* exampleGitProUITests.xctest */;
			productType = "com.apple.product-type.bundle.ui-testing";
		};
/* End PBXNativeTarget section */

/* Begin PBXProject section */
		762626422D41EF3300685B21 /* Project object */ = {
			isa = PBXProject;
			attributes = {
				LastSwiftUpdateCheck = 1220;
				LastUpgradeCheck = 1220;
				TargetAttributes = {
					762626492D41EF3300685B21 = {
						CreatedOnToolsVersion = 12.2;
					};
					762626622D41EF3800685B21 = {
						CreatedOnToolsVersion = 12.2;
						TestTargetID = 762626492D41EF3300685B21;
					};
					7626266D2D41EF3800685B21 = {
						CreatedOnToolsVersion = 12.2;
						TestTargetID = 762626492D41EF3300685B21;
					};
				};
			};
			buildConfigurationList = 762626452D41EF3300685B21 /* Build configuration list for PBXProject "exampleGitPro" */;
			compatibilityVersion = "Xcode 9.3";
			developmentRegion = en;
			hasScannedForEncodings = 0;
			knownRegions = (
				en,
				Base,
			);
			mainGroup = 762626412D41EF3300685B21;
			productRefGroup = 7626264B2D41EF3300685B21 /* Products */;
			projectDirPath = "";
			projectRoot = "";
			targets = (
				762626492D41EF3300685B21 /* exampleGitPro */,
				762626622D41EF3800685B21 /* exampleGitProTests */,
				7626266D2D41EF3800685B21 /* exampleGitProUITests */,
			);
		};
/* End PBXProject section */

/* Begin PBXResourcesBuildPhase section */
		762626482D41EF3300685B21 /* Resources */ = {
			isa = PBXResourcesBuildPhase;
			buildActionMask = 2147483647;
			files = (
				7626265D2D41EF3700685B21 /* LaunchScreen.storyboard in Resources */,
				7626265A2D41EF3700685B21 /* Assets.xcassets in Resources */,
				762626552D41EF3300685B21 /* Main.storyboard in Resources */,
			);
			runOnlyForDeploymentPostprocessing = 0;
		};
		762626612D41EF3800685B21 /* Resources */ = {
			isa = PBXResourcesBuildPhase;
			buildActionMask = 2147483647;
			files = (
			);
			runOnlyForDeploymentPostprocessing = 0;
		};
		7626266C2D41EF3800685B21 /* Resources */ = {
			isa = PBXResourcesBuildPhase;
			buildActionMask = 2147483647;
			files = (
			);
			runOnlyForDeploymentPostprocessing = 0;
		};
/* End PBXResourcesBuildPhase section */

/* Begin PBXSourcesBuildPhase section */
		762626462D41EF3300685B21 /* Sources */ = {
			isa = PBXSourcesBuildPhase;
			buildActionMask = 2147483647;
			files = (
				762626522D41EF3300685B21 /* ViewController.swift in Sources */,
				7626264E2D41EF3300685B21 /* AppDelegate.swift in Sources */,
				762626502D41EF3300685B21 /* SceneDelegate.swift in Sources */,
				762626582D41EF3300685B21 /* exampleGitPro.xcdatamodeld in Sources */,
			);
			runOnlyForDeploymentPostprocessing = 0;
		};
		7626265F2D41EF3800685B21 /* Sources */ = {
			isa = PBXSourcesBuildPhase;
			buildActionMask = 2147483647;
			files = (
				762626682D41EF3800685B21 /* exampleGitProTests.swift in Sources */,
			);
			runOnlyForDeploymentPostprocessing = 0;
		};
		7626266A2D41EF3800685B21 /* Sources */ = {
			isa = PBXSourcesBuildPhase;
			buildActionMask = 2147483647;
			files = (
				762626732D41EF3800685B21 /* exampleGitProUITests.swift in Sources */,
			);
			runOnlyForDeploymentPostprocessing = 0;
		};
/* End PBXSourcesBuildPhase section */

/* Begin PBXTargetDependency section */
		762626652D41EF3800685B21 /* PBXTargetDependency */ = {
			isa = PBXTargetDependency;
			target = 762626492D41EF3300685B21 /* exampleGitPro */;
			targetProxy = 762626642D41EF3800685B21 /* PBXContainerItemProxy */;
		};
		762626702D41EF3800685B21 /* PBXTargetDependency */ = {
			isa = PBXTargetDependency;
			target = 762626492D41EF3300685B21 /* exampleGitPro */;
			targetProxy = 7626266F2D41EF3800685B21 /* PBXContainerItemProxy */;
		};
/* End PBXTargetDependency section */

/* Begin PBXVariantGroup section */
		762626532D41EF3300685B21 /* Main.storyboard */ = {
			isa = PBXVariantGroup;
			children = (
				762626542D41EF3300685B21 /* Base */,
			);
			name = Main.storyboard;
			sourceTree = "<group>";
		};
		7626265B2D41EF3700685B21 /* LaunchScreen.storyboard */ = {
			isa = PBXVariantGroup;
			children = (
				7626265C2D41EF3700685B21 /* Base */,
			);
			name = LaunchScreen.storyboard;
			sourceTree = "<group>";
		};
/* End PBXVariantGroup section */

/* Begin XCBuildConfiguration section */
		762626752D41EF3800685B21 /* Debug */ = {
			isa = XCBuildConfiguration;
			buildSettings = {
				ALWAYS_SEARCH_USER_PATHS = NO;
				CLANG_ANALYZER_NONNULL = YES;
				CLANG_ANALYZER_NUMBER_OBJECT_CONVERSION = YES_AGGRESSIVE;
				CLANG_CXX_LANGUAGE_STANDARD = "gnu++14";
				CLANG_CXX_LIBRARY = "libc++";
				CLANG_ENABLE_MODULES = YES;
				CLANG_ENABLE_OBJC_ARC = YES;
				CLANG_ENABLE_OBJC_WEAK = YES;
				CLANG_WARN_BLOCK_CAPTURE_AUTORELEASING = YES;
				CLANG_WARN_BOOL_CONVERSION = YES;
				CLANG_WARN_COMMA = YES;
				CLANG_WARN_CONSTANT_CONVERSION = YES;
				CLANG_WARN_DEPRECATED_OBJC_IMPLEMENTATIONS = YES;
				CLANG_WARN_DIRECT_OBJC_ISA_USAGE = YES_ERROR;
				CLANG_WARN_DOCUMENTATION_COMMENTS = YES;
				CLANG_WARN_EMPTY_BODY = YES;
				CLANG_WARN_ENUM_CONVERSION = YES;
				CLANG_WARN_INFINITE_RECURSION = YES;
				CLANG_WARN_INT_CONVERSION = YES;
				CLANG_WARN_NON_LITERAL_NULL_CONVERSION = YES;
				CLANG_WARN_OBJC_IMPLICIT_RETAIN_SELF = YES;
				CLANG_WARN_OBJC_LITERAL_CONVERSION = YES;
				CLANG_WARN_OBJC_ROOT_CLASS = YES_ERROR;
				CLANG_WARN_QUOTED_INCLUDE_IN_FRAMEWORK_HEADER = YES;
				CLANG_WARN_RANGE_LOOP_ANALYSIS = YES;
				CLANG_WARN_STRICT_PROTOTYPES = YES;
				CLANG_WARN_SUSPICIOUS_MOVE = YES;
				CLANG_WARN_UNGUARDED_AVAILABILITY = YES_AGGRESSIVE;
				CLANG_WARN_UNREACHABLE_CODE = YES;
				CLANG_WARN__DUPLICATE_METHOD_MATCH = YES;
				COPY_PHASE_STRIP = NO;
				DEBUG_INFORMATION_FORMAT = dwarf;
				ENABLE_STRICT_OBJC_MSGSEND = YES;
				ENABLE_TESTABILITY = YES;
				GCC_C_LANGUAGE_STANDARD = gnu11;
				GCC_DYNAMIC_NO_PIC = NO;
				GCC_NO_COMMON_BLOCKS = YES;
				GCC_OPTIMIZATION_LEVEL = 0;
				GCC_PREPROCESSOR_DEFINITIONS = (
					"DEBUG=1",
					"$(inherited)",
				);
				GCC_WARN_64_TO_32_BIT_CONVERSION = YES;
				GCC_WARN_ABOUT_RETURN_TYPE = YES_ERROR;
				GCC_WARN_UNDECLARED_SELECTOR = YES;
				GCC_WARN_UNINITIALIZED_AUTOS = YES_AGGRESSIVE;
				GCC_WARN_UNUSED_FUNCTION = YES;
				GCC_WARN_UNUSED_VARIABLE = YES;
				IPHONEOS_DEPLOYMENT_TARGET = 14.2;
				MTL_ENABLE_DEBUG_INFO = INCLUDE_SOURCE;
				MTL_FAST_MATH = YES;
				ONLY_ACTIVE_ARCH = YES;
				SDKROOT = iphoneos;
				SWIFT_ACTIVE_COMPILATION_CONDITIONS = DEBUG;
				SWIFT_OPTIMIZATION_LEVEL = "-Onone";
			};
			name = Debug;
		};
		762626762D41EF3800685B21 /* Release */ = {
			isa = XCBuildConfiguration;
			buildSettings = {
				ALWAYS_SEARCH_USER_PATHS = NO;
				CLANG_ANALYZER_NONNULL = YES;
				CLANG_ANALYZER_NUMBER_OBJECT_CONVERSION = YES_AGGRESSIVE;
				CLANG_CXX_LANGUAGE_STANDARD = "gnu++14";
				CLANG_CXX_LIBRARY = "libc++";
				CLANG_ENABLE_MODULES = YES;
				CLANG_ENABLE_OBJC_ARC = YES;
				CLANG_ENABLE_OBJC_WEAK = YES;
				CLANG_WARN_BLOCK_CAPTURE_AUTORELEASING = YES;
				CLANG_WARN_BOOL_CONVERSION = YES;
				CLANG_WARN_COMMA = YES;
				CLANG_WARN_CONSTANT_CONVERSION = YES;
				CLANG_WARN_DEPRECATED_OBJC_IMPLEMENTATIONS = YES;
				CLANG_WARN_DIRECT_OBJC_ISA_USAGE = YES_ERROR;
				CLANG_WARN_DOCUMENTATION_COMMENTS = YES;
				CLANG_WARN_EMPTY_BODY = YES;
				CLANG_WARN_ENUM_CONVERSION = YES;
				CLANG_WARN_INFINITE_RECURSION = YES;
				CLANG_WARN_INT_CONVERSION = YES;
				CLANG_WARN_NON_LITERAL_NULL_CONVERSION = YES;
				CLANG_WARN_OBJC_IMPLICIT_RETAIN_SELF = YES;
				CLANG_WARN_OBJC_LITERAL_CONVERSION = YES;
				CLANG_WARN_OBJC_ROOT_CLASS = YES_ERROR;
				CLANG_WARN_QUOTED_INCLUDE_IN_FRAMEWORK_HEADER = YES;
				CLANG_WARN_RANGE_LOOP_ANALYSIS = YES;
				CLANG_WARN_STRICT_PROTOTYPES = YES;
				CLANG_WARN_SUSPICIOUS_MOVE = YES;
				CLANG_WARN_UNGUARDED_AVAILABILITY = YES_AGGRESSIVE;
				CLANG_WARN_UNREACHABLE_CODE = YES;
				CLANG_WARN__DUPLICATE_METHOD_MATCH = YES;
				COPY_PHASE_STRIP = NO;
				DEBUG_INFORMATION_FORMAT = "dwarf-with-dsym";
				ENABLE_NS_ASSERTIONS = NO;
				ENABLE_STRICT_OBJC_MSGSEND = YES;
				GCC_C_LANGUAGE_STANDARD = gnu11;
				GCC_NO_COMMON_BLOCKS = YES;
				GCC_WARN_64_TO_32_BIT_CONVERSION = YES;
				GCC_WARN_ABOUT_RETURN_TYPE = YES_ERROR;
				GCC_WARN_UNDECLARED_SELECTOR = YES;
				GCC_WARN_UNINITIALIZED_AUTOS = YES_AGGRESSIVE;
				GCC_WARN_UNUSED_FUNCTION = YES;
				GCC_WARN_UNUSED_VARIABLE = YES;
				IPHONEOS_DEPLOYMENT_TARGET = 14.2;
				MTL_ENABLE_DEBUG_INFO = NO;
				MTL_FAST_MATH = YES;
				SDKROOT = iphoneos;
				SWIFT_COMPILATION_MODE = wholemodule;
				SWIFT_OPTIMIZATION_LEVEL = "-O";
				VALIDATE_PRODUCT = YES;
			};
			name = Release;
		};
		762626782D41EF3800685B21 /* Debug */ = {
			isa = XCBuildConfiguration;
			buildSettings = {
				ASSETCATALOG_COMPILER_APPICON_NAME = AppIcon;
				ASSETCATALOG_COMPILER_GLOBAL_ACCENT_COLOR_NAME = AccentColor;
				CODE_SIGN_STYLE = Automatic;
				DEVELOPMENT_TEAM = 2LPBBZ7LQ6;
				INFOPLIST_FILE = exampleGitPro/Info.plist;
				LD_RUNPATH_SEARCH_PATHS = (
					"$(inherited)",
					"@executable_path/Frameworks",
				);
				PRODUCT_BUNDLE_IDENTIFIER = kartantech.exampleGitPro;
				PRODUCT_NAME = "$(TARGET_NAME)";
				SWIFT_VERSION = 5.0;
				TARGETED_DEVICE_FAMILY = "1,2";
			};
			name = Debug;
		};
		762626792D41EF3800685B21 /* Release */ = {
			isa = XCBuildConfiguration;
			buildSettings = {
				ASSETCATALOG_COMPILER_APPICON_NAME = AppIcon;
				ASSETCATALOG_COMPILER_GLOBAL_ACCENT_COLOR_NAME = AccentColor;
				CODE_SIGN_STYLE = Automatic;
				DEVELOPMENT_TEAM = 2LPBBZ7LQ6;
				INFOPLIST_FILE = exampleGitPro/Info.plist;
				LD_RUNPATH_SEARCH_PATHS = (
					"$(inherited)",
					"@executable_path/Frameworks",
				);
				PRODUCT_BUNDLE_IDENTIFIER = kartantech.exampleGitPro;
				PRODUCT_NAME = "$(TARGET_NAME)";
				SWIFT_VERSION = 5.0;
				TARGETED_DEVICE_FAMILY = "1,2";
			};
			name = Release;
		};
		7626267B2D41EF3800685B21 /* Debug */ = {
			isa = XCBuildConfiguration;
			buildSettings = {
				ALWAYS_EMBED_SWIFT_STANDARD_LIBRARIES = YES;
				BUNDLE_LOADER = "$(TEST_HOST)";
				CODE_SIGN_STYLE = Automatic;
				DEVELOPMENT_TEAM = 2LPBBZ7LQ6;
				INFOPLIST_FILE = exampleGitProTests/Info.plist;
				IPHONEOS_DEPLOYMENT_TARGET = 14.2;
				LD_RUNPATH_SEARCH_PATHS = (
					"$(inherited)",
					"@executable_path/Frameworks",
					"@loader_path/Frameworks",
				);
				PRODUCT_BUNDLE_IDENTIFIER = kartantech.exampleGitProTests;
				PRODUCT_NAME = "$(TARGET_NAME)";
				SWIFT_VERSION = 5.0;
				TARGETED_DEVICE_FAMILY = "1,2";
				TEST_HOST = "$(BUILT_PRODUCTS_DIR)/exampleGitPro.app/exampleGitPro";
			};
			name = Debug;
		};
		7626267C2D41EF3800685B21 /* Release */ = {
			isa = XCBuildConfiguration;
			buildSettings = {
				ALWAYS_EMBED_SWIFT_STANDARD_LIBRARIES = YES;
				BUNDLE_LOADER = "$(TEST_HOST)";
				CODE_SIGN_STYLE = Automatic;
				DEVELOPMENT_TEAM = 2LPBBZ7LQ6;
				INFOPLIST_FILE = exampleGitProTests/Info.plist;
				IPHONEOS_DEPLOYMENT_TARGET = 14.2;
				LD_RUNPATH_SEARCH_PATHS = (
					"$(inherited)",
					"@executable_path/Frameworks",
					"@loader_path/Frameworks",
				);
				PRODUCT_BUNDLE_IDENTIFIER = kartantech.exampleGitProTests;
				PRODUCT_NAME = "$(TARGET_NAME)";
				SWIFT_VERSION = 5.0;
				TARGETED_DEVICE_FAMILY = "1,2";
				TEST_HOST = "$(BUILT_PRODUCTS_DIR)/exampleGitPro.app/exampleGitPro";
			};
			name = Release;
		};
		7626267E2D41EF3800685B21 /* Debug */ = {
			isa = XCBuildConfiguration;
			buildSettings = {
				ALWAYS_EMBED_SWIFT_STANDARD_LIBRARIES = YES;
				CODE_SIGN_STYLE = Automatic;
				DEVELOPMENT_TEAM = 2LPBBZ7LQ6;
				INFOPLIST_FILE = exampleGitProUITests/Info.plist;
				LD_RUNPATH_SEARCH_PATHS = (
					"$(inherited)",
					"@executable_path/Frameworks",
					"@loader_path/Frameworks",
				);
				PRODUCT_BUNDLE_IDENTIFIER = kartantech.exampleGitProUITests;
				PRODUCT_NAME = "$(TARGET_NAME)";
				SWIFT_VERSION = 5.0;
				TARGETED_DEVICE_FAMILY = "1,2";
				TEST_TARGET_NAME = exampleGitPro;
			};
			name = Debug;
		};
		7626267F2D41EF3800685B21 /* Release */ = {
			isa = XCBuildConfiguration;
			buildSettings = {
				ALWAYS_EMBED_SWIFT_STANDARD_LIBRARIES = YES;
				CODE_SIGN_STYLE = Automatic;
				DEVELOPMENT_TEAM = 2LPBBZ7LQ6;
				INFOPLIST_FILE = exampleGitProUITests/Info.plist;
				LD_RUNPATH_SEARCH_PATHS = (
					"$(inherited)",
					"@executable_path/Frameworks",
					"@loader_path/Frameworks",
				);
				PRODUCT_BUNDLE_IDENTIFIER = kartantech.exampleGitProUITests;
				PRODUCT_NAME = "$(TARGET_NAME)";
				SWIFT_VERSION = 5.0;
				TARGETED_DEVICE_FAMILY = "1,2";
				TEST_TARGET_NAME = exampleGitPro;
			};
			name = Release;
		};
/* End XCBuildConfiguration section */

/* Begin XCConfigurationList section */
		762626452D41EF3300685B21 /* Build configuration list for PBXProject "exampleGitPro" */ = {
			isa = XCConfigurationList;
			buildConfigurations = (
				762626752D41EF3800685B21 /* Debug */,
				762626762D41EF3800685B21 /* Release */,
			);
			defaultConfigurationIsVisible = 0;
			defaultConfigurationName = Release;
		};
		762626772D41EF3800685B21 /* Build configuration list for PBXNativeTarget "exampleGitPro" */ = {
			isa = XCConfigurationList;
			buildConfigurations = (
				762626782D41EF3800685B21 /* Debug */,
				762626792D41EF3800685B21 /* Release */,
			);
			defaultConfigurationIsVisible = 0;
			defaultConfigurationName = Release;
		};
		7626267A2D41EF3800685B21 /* Build configuration list for PBXNativeTarget "exampleGitProTests" */ = {
			isa = XCConfigurationList;
			buildConfigurations = (
				7626267B2D41EF3800685B21 /* Debug */,
				7626267C2D41EF3800685B21 /* Release */,
			);
			defaultConfigurationIsVisible = 0;
			defaultConfigurationName = Release;
		};
		7626267D2D41EF3800685B21 /* Build configuration list for PBXNativeTarget "exampleGitProUITests" */ = {
			isa = XCConfigurationList;
			buildConfigurations = (
				7626267E2D41EF3800685B21 /* Debug */,
				7626267F2D41EF3800685B21 /* Release */,
			);
			defaultConfigurationIsVisible = 0;
			defaultConfigurationName = Release;
		};
/* End XCConfigurationList section */

/* Begin XCVersionGroup section */
		762626562D41EF3300685B21 /* exampleGitPro.xcdatamodeld */ = {
			isa = XCVersionGroup;
			children = (
				762626572D41EF3300685B21 /* exampleGitPro.xcdatamodel */,
			);
			currentVersion = 762626572D41EF3300685B21 /* exampleGitPro.xcdatamodel */;
			path = exampleGitPro.xcdatamodeld;
			sourceTree = "<group>";
			versionGroupType = wrapper.xcdatamodel;
		};
/* End XCVersionGroup section */
	};
	rootObject = 762626422D41EF3300685B21 /* Project object */;
}
